
Microsoft Visual Studio Solution File, Format Version 12.00
# Visual Studio Version 16
VisualStudioVersion = 16.0.30907.101
MinimumVisualStudioVersion = 10.0.40219.1
Project("{8BC9CEB8-8B4A-11D0-8D11-00A0C91BC942}") = "lab7B", "lab7B\lab7B.vcxproj", "{82316380-7313-4CB9-8D17-7461853B21E4}"
EndProject
Global
	GlobalSection(SolutionConfigurationPlatforms) = preSolution
		Debug|x64 = Debug|x64
		Debug|x86 = Debug|x86
		Release|x64 = Release|x64
		Release|x86 = Release|x86
	EndGlobalSection
	GlobalSection(ProjectConfigurationPlatforms) = postSolution
		{82316380-7313-4CB9-8D17-7461853B21E4}.Debug|x64.ActiveCfg = Debug|x64
		{82316380-7313-4CB9-8D17-7461853B21E4}.Debug|x64.Build.0 = Debug|x64
		{82316380-7313-4CB9-8D17-7461853B21E4}.Debug|x86.ActiveCfg = Debug|Win32
		{82316380-7313-4CB9-8D17-7461853B21E4}.Debug|x86.Build.0 = Debug|Win32
		{82316380-7313-4CB9-8D17-7461853B21E4}.Release|x64.ActiveCfg = Release|x64
		{82316380-7313-4CB9-8D17-7461853B21E4}.Release|x64.Build.0 = Release|x64
		{82316380-7313-4CB9-8D17-7461853B21E4}.Release|x86.ActiveCfg = Release|Win32
		{82316380-7313-4CB9-8D17-7461853B21E4}.Release|x86.Build.0 = Release|Win32
	EndGlobalSection
	GlobalSection(SolutionProperties) = preSolution
		HideSolutionNode = FALSE
	EndGlobalSection
	GlobalSection(ExtensibilityGlobals) = postSolution
		SolutionGuid = {EC2FF5B7-9F3B-4658-8C85-FE21EE5B21DA}
	EndGlobalSection
EndGlobal
